
Microsoft Visual Studio Solution File, Format Version 12.00
# Visual Studio Version 17
VisualStudioVersion = 17.11.35312.102
MinimumVisualStudioVersion = 10.0.40219.1
Project("{FAE04EC0-301F-11D3-BF4B-00C04F79EFBC}") = "RESTApi", "RESTApi\RESTApi.csproj", "{69DCF02E-A674-420F-AA41-BEC56D78CBB0}"
EndProject
Project("{FAE04EC0-301F-11D3-BF4B-00C04F79EFBC}") = "RESTApi.Data", "RESTApi.Data\RESTApi.Data.csproj", "{84E6E09B-260A-4203-BAF6-A558A53C12CA}"
EndProject
Global
	GlobalSection(SolutionConfigurationPlatforms) = preSolution
		Debug|Any CPU = Debug|Any CPU
		Release|Any CPU = Release|Any CPU
	EndGlobalSection
	GlobalSection(ProjectConfigurationPlatforms) = postSolution
		{69DCF02E-A674-420F-AA41-BEC56D78CBB0}.Debug|Any CPU.ActiveCfg = Debug|Any CPU
		{69DCF02E-A674-420F-AA41-BEC56D78CBB0}.Debug|Any CPU.Build.0 = Debug|Any CPU
		{69DCF02E-A674-420F-AA41-BEC56D78CBB0}.Release|Any CPU.ActiveCfg = Release|Any CPU
		{69DCF02E-A674-420F-AA41-BEC56D78CBB0}.Release|Any CPU.Build.0 = Release|Any CPU
		{84E6E09B-260A-4203-BAF6-A558A53C12CA}.Debug|Any CPU.ActiveCfg = Debug|Any CPU
		{84E6E09B-260A-4203-BAF6-A558A53C12CA}.Debug|Any CPU.Build.0 = Debug|Any CPU
		{84E6E09B-260A-4203-BAF6-A558A53C12CA}.Release|Any CPU.ActiveCfg = Release|Any CPU
		{84E6E09B-260A-4203-BAF6-A558A53C12CA}.Release|Any CPU.Build.0 = Release|Any CPU
	EndGlobalSection
	GlobalSection(SolutionProperties) = preSolution
		HideSolutionNode = FALSE
	EndGlobalSection
	GlobalSection(ExtensibilityGlobals) = postSolution
		SolutionGuid = {297C715A-31F4-497D-9610-69C29D400993}
	EndGlobalSection
EndGlobal
